# This file is generated by running "yarn install" inside your project.
# Manual changes might be lost - proceed with caution!

__metadata:
  version: 8
  cacheKey: 10c0

"@emnapi/core@npm:1.10.0":
  version: 1.10.0
  resolution: "@emnapi/core@npm:1.10.0"
  dependencies:
    "@emnapi/wasi-threads": "npm:1.2.1"
    tslib: "npm:^2.4.0"
  checksum: 10c0/f51d08227857b60632de7714d708124f0e100a1462dde6df8221760939aa3204a73193830371830fac0716f3ccd2129f2cac1b17cd7d7958bc4da9018a296edb
  languageName: node
  linkType: hard

"@emnapi/runtime@npm:1.10.0":
  version: 1.10.0
  resolution: "@emnapi/runtime@npm:1.10.0"
  dependencies:
    tslib: "npm:^2.4.0"
  checksum: 10c0/953f14991d1aefb92ee6f8eb27dea725e484791a53a0cb5f47d9e0087b9a2c929ff2e92adf95af15d6ad456db6300c6b761ebf72b50a875b874a83520b3ba093
  languageName: node
  linkType: hard

"@emnapi/wasi-threads@npm:1.2.1":
  version: 1.2.1
  resolution: "@emnapi/wasi-threads@npm:1.2.1"
  dependencies:
    tslib: "npm:^2.4.0"
  checksum: 10c0/32fcfa81ab396533b2ec1f4082b1ff779a05d9c836bbbd3f4398405b0e6814c0d9503b7993130e37bc6941dbc1ded49f55e9700ae9ca4e803bab2b5bc5deb331
  languageName: node
  linkType: hard

"@napi-rs/wasm-runtime@npm:^1.1.1, @napi-rs/wasm-runtime@npm:^1.1.4":
  version: 1.1.4
  resolution: "@napi-rs/wasm-runtime@npm:1.1.4"
  dependencies:
    "@tybys/wasm-util": "npm:^0.10.1"
  peerDependencies:
    "@emnapi/core": ^1.7.1
    "@emnapi/runtime": ^1.7.1
  checksum: 10c0/2e88e1955258949ccf2d18c79975821ad38071b465ef126a5e14110977b97868867b016c1ad046e963cccc42c0bd9db6c8ff5fd1ebb61b87bb3487f339041658
  languageName: node
  linkType: hard

"@oxc-parser/binding-android-arm-eabi@npm:0.128.0":
  version: 0.128.0
  resolution: "@oxc-parser/binding-android-arm-eabi@npm:0.128.0"
  conditions: os=android & cpu=arm
  languageName: node
  linkType: hard

"@oxc-parser/binding-android-arm64@npm:0.128.0":
  version: 0.128.0
  resolution: "@oxc-parser/binding-android-arm64@npm:0.128.0"
  conditions: os=android & cpu=arm64
  languageName: node
  linkType: hard

"@oxc-parser/binding-darwin-arm64@npm:0.128.0":
  version: 0.128.0
  resolution: "@oxc-parser/binding-darwin-arm64@npm:0.128.0"
  conditions: os=darwin & cpu=arm64
  languageName: node
  linkType: hard

"@oxc-parser/binding-darwin-x64@npm:0.128.0":
  version: 0.128.0
  resolution: "@oxc-parser/binding-darwin-x64@npm:0.128.0"
  conditions: os=darwin & cpu=x64
  languageName: node
  linkType: hard

"@oxc-parser/binding-freebsd-x64@npm:0.128.0":
  version: 0.128.0
  resolution: "@oxc-parser/binding-freebsd-x64@npm:0.128.0"
  conditions: os=freebsd & cpu=x64
  languageName: node
  linkType: hard

"@oxc-parser/binding-linux-arm-gnueabihf@npm:0.128.0":
  version: 0.128.0
  resolution: "@oxc-parser/binding-linux-arm-gnueabihf@npm:0.128.0"
  conditions: os=linux & cpu=arm
  languageName: node
  linkType: hard

"@oxc-parser/binding-linux-arm-musleabihf@npm:0.128.0":
  version: 0.128.0
  resolution: "@oxc-parser/binding-linux-arm-musleabihf@npm:0.128.0"
  conditions: os=linux & cpu=arm
  languageName: node
  linkType: hard

"@oxc-parser/binding-linux-arm64-gnu@npm:0.128.0":
  version: 0.128.0
  resolution: "@oxc-parser/binding-linux-arm64-gnu@npm:0.128.0"
  conditions: os=linux & cpu=arm64 & libc=glibc
  languageName: node
  linkType: hard

"@oxc-parser/binding-linux-arm64-musl@npm:0.128.0":
  version: 0.128.0
  resolution: "@oxc-parser/binding-linux-arm64-musl@npm:0.128.0"
  conditions: os=linux & cpu=arm64 & libc=musl
  languageName: node
  linkType: hard

"@oxc-parser/binding-linux-ppc64-gnu@npm:0.128.0":
  version: 0.128.0
  resolution: "@oxc-parser/binding-linux-ppc64-gnu@npm:0.128.0"
  conditions: os=linux & cpu=ppc64 & libc=glibc
  languageName: node
  linkType: hard

"@oxc-parser/binding-linux-riscv64-gnu@npm:0.128.0":
  version: 0.128.0
  resolution: "@oxc-parser/binding-linux-riscv64-gnu@npm:0.128.0"
  conditions: os=linux & cpu=riscv64 & libc=glibc
  languageName: node
  linkType: hard

"@oxc-parser/binding-linux-riscv64-musl@npm:0.128.0":
  version: 0.128.0
  resolution: "@oxc-parser/binding-linux-riscv64-musl@npm:0.128.0"
  conditions: os=linux & cpu=riscv64 & libc=musl
  languageName: node
  linkType: hard

"@oxc-parser/binding-linux-s390x-gnu@npm:0.128.0":
  version: 0.128.0
  resolution: "@oxc-parser/binding-linux-s390x-gnu@npm:0.128.0"
  conditions: os=linux & cpu=s390x & libc=glibc
  languageName: node
  linkType: hard

"@oxc-parser/binding-linux-x64-gnu@npm:0.128.0":
  version: 0.128.0
  resolution: "@oxc-parser/binding-linux-x64-gnu@npm:0.128.0"
  conditions: os=linux & cpu=x64 & libc=glibc
  languageName: node
  linkType: hard

"@oxc-parser/binding-linux-x64-musl@npm:0.128.0":
  version: 0.128.0
  resolution: "@oxc-parser/binding-linux-x64-musl@npm:0.128.0"
  conditions: os=linux & cpu=x64 & libc=musl
  languageName: node
  linkType: hard

"@oxc-parser/binding-openharmony-arm64@npm:0.128.0":
  version: 0.128.0
  resolution: "@oxc-parser/binding-openharmony-arm64@npm:0.128.0"
  conditions: os=openharmony & cpu=arm64
  languageName: node
  linkType: hard

"@oxc-parser/binding-wasm32-wasi@npm:0.128.0":
  version: 0.128.0
  resolution: "@oxc-parser/binding-wasm32-wasi@npm:0.128.0"
  dependencies:
    "@emnapi/core": "npm:1.10.0"
    "@emnapi/runtime": "npm:1.10.0"
    "@napi-rs/wasm-runtime": "npm:^1.1.4"
  conditions: cpu=wasm32
  languageName: node
  linkType: hard

"@oxc-parser/binding-win32-arm64-msvc@npm:0.128.0":
  version: 0.128.0
  resolution: "@oxc-parser/binding-win32-arm64-msvc@npm:0.128.0"
  conditions: os=win32 & cpu=arm64
  languageName: node
  linkType: hard

"@oxc-parser/binding-win32-ia32-msvc@npm:0.128.0":
  version: 0.128.0
  resolution: "@oxc-parser/binding-win32-ia32-msvc@npm:0.128.0"
  conditions: os=win32 & cpu=ia32
  languageName: node
  linkType: hard

"@oxc-parser/binding-win32-x64-msvc@npm:0.128.0":
  version: 0.128.0
  resolution: "@oxc-parser/binding-win32-x64-msvc@npm:0.128.0"
  conditions: os=win32 & cpu=x64
  languageName: node
  linkType: hard

"@oxc-project/types@npm:^0.128.0":
  version: 0.128.0
  resolution: "@oxc-project/types@npm:0.128.0"
  checksum: 10c0/b6999b1b6b012d979364231a2c0c9204bca814a73f8417234edd39bf352a081779dad72aaf18ac60a676fb904c1408b63553e4e1230d7408a4f885002d66c809
  languageName: node
  linkType: hard

"@oxc-resolver/binding-android-arm-eabi@npm:11.19.1":
  version: 11.19.1
  resolution: "@oxc-resolver/binding-android-arm-eabi@npm:11.19.1"
  conditions: os=android & cpu=arm
  languageName: node
  linkType: hard

"@oxc-resolver/binding-android-arm64@npm:11.19.1":
  version: 11.19.1
  resolution: "@oxc-resolver/binding-android-arm64@npm:11.19.1"
  conditions: os=android & cpu=arm64
  languageName: node
  linkType: hard

"@oxc-resolver/binding-darwin-arm64@npm:11.19.1":
  version: 11.19.1
  resolution: "@oxc-resolver/binding-darwin-arm64@npm:11.19.1"
  conditions: os=darwin & cpu=arm64
  languageName: node
  linkType: hard

"@oxc-resolver/binding-darwin-x64@npm:11.19.1":
  version: 11.19.1
  resolution: "@oxc-resolver/binding-darwin-x64@npm:11.19.1"
  conditions: os=darwin & cpu=x64
  languageName: node
  linkType: hard

"@oxc-resolver/binding-freebsd-x64@npm:11.19.1":
  version: 11.19.1
  resolution: "@oxc-resolver/binding-freebsd-x64@npm:11.19.1"
  conditions: os=freebsd & cpu=x64
  languageName: node
  linkType: hard

"@oxc-resolver/binding-linux-arm-gnueabihf@npm:11.19.1":
  version: 11.19.1
  resolution: "@oxc-resolver/binding-linux-arm-gnueabihf@npm:11.19.1"
  conditions: os=linux & cpu=arm
  languageName: node
  linkType: hard

"@oxc-resolver/binding-linux-arm-musleabihf@npm:11.19.1":
  version: 11.19.1
  resolution: "@oxc-resolver/binding-linux-arm-musleabihf@npm:11.19.1"
  conditions: os=linux & cpu=arm
  languageName: node
  linkType: hard

"@oxc-resolver/binding-linux-arm64-gnu@npm:11.19.1":
  version: 11.19.1
  resolution: "@oxc-resolver/binding-linux-arm64-gnu@npm:11.19.1"
  conditions: os=linux & cpu=arm64 & libc=glibc
  languageName: node
  linkType: hard

"@oxc-resolver/binding-linux-arm64-musl@npm:11.19.1":
  version: 11.19.1
  resolution: "@oxc-resolver/binding-linux-arm64-musl@npm:11.19.1"
  conditions: os=linux & cpu=arm64 & libc=musl
  languageName: node
  linkType: hard

"@oxc-resolver/binding-linux-ppc64-gnu@npm:11.19.1":
  version: 11.19.1
  resolution: "@oxc-resolver/binding-linux-ppc64-gnu@npm:11.19.1"
  conditions: os=linux & cpu=ppc64 & libc=glibc
  languageName: node
  linkType: hard

"@oxc-resolver/binding-linux-riscv64-gnu@npm:11.19.1":
  version: 11.19.1
  resolution: "@oxc-resolver/binding-linux-riscv64-gnu@npm:11.19.1"
  conditions: os=linux & cpu=riscv64 & libc=glibc
  languageName: node
  linkType: hard

"@oxc-resolver/binding-linux-riscv64-musl@npm:11.19.1":
  version: 11.19.1
  resolution: "@oxc-resolver/binding-linux-riscv64-musl@npm:11.19.1"
  conditions: os=linux & cpu=riscv64 & libc=musl
  languageName: node
  linkType: hard

"@oxc-resolver/binding-linux-s390x-gnu@npm:11.19.1":
  version: 11.19.1
  resolution: "@oxc-resolver/binding-linux-s390x-gnu@npm:11.19.1"
  conditions: os=linux & cpu=s390x & libc=glibc
  languageName: node
  linkType: hard

"@oxc-resolver/binding-linux-x64-gnu@npm:11.19.1":
  version: 11.19.1
  resolution: "@oxc-resolver/binding-linux-x64-gnu@npm:11.19.1"
  conditions: os=linux & cpu=x64 & libc=glibc
  languageName: node
  linkType: hard

"@oxc-resolver/binding-linux-x64-musl@npm:11.19.1":
  version: 11.19.1
  resolution: "@oxc-resolver/binding-linux-x64-musl@npm:11.19.1"
  conditions: os=linux & cpu=x64 & libc=musl
  languageName: node
  linkType: hard

"@oxc-resolver/binding-openharmony-arm64@npm:11.19.1":
  version: 11.19.1
  resolution: "@oxc-resolver/binding-openharmony-arm64@npm:11.19.1"
  conditions: os=openharmony & cpu=arm64
  languageName: node
  linkType: hard

"@oxc-resolver/binding-wasm32-wasi@npm:11.19.1":
  version: 11.19.1
  resolution: "@oxc-resolver/binding-wasm32-wasi@npm:11.19.1"
  dependencies:
    "@napi-rs/wasm-runtime": "npm:^1.1.1"
  conditions: cpu=wasm32
  languageName: node
  linkType: hard

"@oxc-resolver/binding-win32-arm64-msvc@npm:11.19.1":
  version: 11.19.1
  resolution: "@oxc-resolver/binding-win32-arm64-msvc@npm:11.19.1"
  conditions: os=win32 & cpu=arm64
  languageName: node
  linkType: hard

"@oxc-resolver/binding-win32-ia32-msvc@npm:11.19.1":
  version: 11.19.1
  resolution: "@oxc-resolver/binding-win32-ia32-msvc@npm:11.19.1"
  conditions: os=win32 & cpu=ia32
  languageName: node
  linkType: hard

"@oxc-resolver/binding-win32-x64-msvc@npm:11.19.1":
  version: 11.19.1
  resolution: "@oxc-resolver/binding-win32-x64-msvc@npm:11.19.1"
  conditions: os=win32 & cpu=x64
  languageName: node
  linkType: hard

"@tybys/wasm-util@npm:^0.10.1":
  version: 0.10.2
  resolution: "@tybys/wasm-util@npm:0.10.2"
  dependencies:
    tslib: "npm:^2.4.0"
  checksum: 10c0/26165bcd1fd7269f42d7fbe3de318f854a8968de8397e89fc9a423bb3e2da35a52150f382e6323b3367595beb16d9800a6f35971a5599daf76da1742ec3afc25
  languageName: node
  linkType: hard

"@wry/equality@npm:^0.1.2":
  version: 0.1.11
  resolution: "@wry/equality@npm:0.1.11"
  dependencies:
    tslib: "npm:^1.9.3"
  checksum: 10c0/a740b9d449eeb2d3cd251d5a8a1b739af4142a505e66eefc30a648ef2752b411220db40a0f78b97ecf3c2d8f8a2e9450ce0d1ff8e7679c8d89124fb696aea8fe
  languageName: node
  linkType: hard

"apollo-link-error@npm:^1.1.13":
  version: 1.1.13
  resolution: "apollo-link-error@npm:1.1.13"
  dependencies:
    apollo-link: "npm:^1.2.14"
    apollo-link-http-common: "npm:^0.2.16"
    tslib: "npm:^1.9.3"
  checksum: 10c0/bbc7db8e184636dadab3398a48b1ba47b7b331c4c7e0eb88eed3edbf0459ea2c4a0cfd0ee10e97c4c77d49f9e1de47795592f9d9d41a4c2e6ba9413cfa9caaee
  languageName: node
  linkType: hard

"apollo-link-http-common@npm:^0.2.16":
  version: 0.2.16
  resolution: "apollo-link-http-common@npm:0.2.16"
  dependencies:
    apollo-link: "npm:^1.2.14"
    ts-invariant: "npm:^0.4.0"
    tslib: "npm:^1.9.3"
  peerDependencies:
    graphql: ^0.11.0 || ^0.12.0 || ^0.13.0 || ^14.0.0 || ^15.0.0
  checksum: 10c0/a1775c4b80c95504cdc690232b769bc8c7ab14cf54d63b6318f2898ff250c3600ebb65e0408b43b2a4c1cf9a1c2127bf34c6a3dee28ad472945c241a107a638a
  languageName: node
  linkType: hard

"apollo-link@npm:^1.2.14":
  version: 1.2.14
  resolution: "apollo-link@npm:1.2.14"
  dependencies:
    apollo-utilities: "npm:^1.3.0"
    ts-invariant: "npm:^0.4.0"
    tslib: "npm:^1.9.3"
    zen-observable-ts: "npm:^0.8.21"
  peerDependencies:
    graphql: ^0.11.3 || ^0.12.3 || ^0.13.0 || ^14.0.0 || ^15.0.0
  checksum: 10c0/6a43ed4bb8491c8ff47450a817e59195bff6b8ebc0c415b5caa177dae96e7dd30112323a32176a14a31cc3b3edd8c4be619325cdecb5fad4bccbd255143927c3
  languageName: node
  linkType: hard

"apollo-utilities@npm:^1.3.0":
  version: 1.3.4
  resolution: "apollo-utilities@npm:1.3.4"
  dependencies:
    "@wry/equality": "npm:^0.1.2"
    fast-json-stable-stringify: "npm:^2.0.0"
    ts-invariant: "npm:^0.4.0"
    tslib: "npm:^1.10.0"
  peerDependencies:
    graphql: ^0.11.0 || ^0.12.0 || ^0.13.0 || ^14.0.0 || ^15.0.0
  checksum: 10c0/071f2bfd3b62457c688aec8f7c92e3831e05ace5a65699608cbdda5b03bd287f407654fbd526639efaa4dc2db4d39763cccefb1786f4cd14dfa48f4ab79f3b8b
  languageName: node
  linkType: hard

"fast-json-stable-stringify@npm:^2.0.0":
  version: 2.1.0
  resolution: "fast-json-stable-stringify@npm:2.1.0"
  checksum: 10c0/7f081eb0b8a64e0057b3bb03f974b3ef00135fbf36c1c710895cd9300f13c94ba809bb3a81cf4e1b03f6e5285610a61abbd7602d0652de423144dfee5a389c9b
  languageName: node
  linkType: hard

"fd-package-json@npm:^2.0.0":
  version: 2.0.0
  resolution: "fd-package-json@npm:2.0.0"
  dependencies:
    walk-up-path: "npm:^4.0.0"
  checksum: 10c0/a0a48745257bc09c939486608dad9f2ced238f0c64266222cc881618ed4c8f6aa0ccfe45a1e6d4f9ce828509e8d617cec60e2a114851bebb1ff4886dc5ed5112
  languageName: node
  linkType: hard

"fdir@npm:^6.5.0":
  version: 6.5.0
  resolution: "fdir@npm:6.5.0"
  peerDependencies:
    picomatch: ^3 || ^4
  peerDependenciesMeta:
    picomatch:
      optional: true
  checksum: 10c0/e345083c4306b3aed6cb8ec551e26c36bab5c511e99ea4576a16750ddc8d3240e63826cc624f5ae17ad4dc82e68a253213b60d556c11bfad064b7607847ed07f
  languageName: node
  linkType: hard

"formatly@npm:^0.3.0":
  version: 0.3.0
  resolution: "formatly@npm:0.3.0"
  dependencies:
    fd-package-json: "npm:^2.0.0"
  bin:
    formatly: bin/index.mjs
  checksum: 10c0/ef9dbd3cdaee649e9604ea060d8d62d8131eb81117634336592ee2193fc7c98a3f1f1b5d09a045dbd36287ba88edf868ef179d39fbda2f34fbe2be70c42dd014
  languageName: node
  linkType: hard

"get-tsconfig@npm:4.14.0":
  version: 4.14.0
  resolution: "get-tsconfig@npm:4.14.0"
  dependencies:
    resolve-pkg-maps: "npm:^1.0.0"
  checksum: 10c0/abc2b9275468eb589079a0b7a95eb5107c14fdd0ca6dda1bff116fe774ea1f79975421dcb22a0c86b4f820fcc69a7655dddf9b6d6a8a2c06fcb59e19794c0724
  languageName: node
  linkType: hard

"graphql@npm:^15.0.0":
  version: 15.10.2
  resolution: "graphql@npm:15.10.2"
  checksum: 10c0/92070beb29b3e5b10a001e51b5abf1bac083c04d3393ff409b41de8c0b819183e26b4fe9aa13cb962ef62369f35a83d4d7992d3c36034b74e2f2fea30316e51d
  languageName: node
  linkType: hard

"jiti@npm:^2.6.0":
  version: 2.6.1
  resolution: "jiti@npm:2.6.1"
  bin:
    jiti: lib/jiti-cli.mjs
  checksum: 10c0/79b2e96a8e623f66c1b703b98ec1b8be4500e1d217e09b09e343471bbb9c105381b83edbb979d01cef18318cc45ce6e153571b6c83122170eefa531c64b6789b
  languageName: node
  linkType: hard

"knip@npm:6.11.0":
  version: 6.11.0
  resolution: "knip@npm:6.11.0"
  dependencies:
    fdir: "npm:^6.5.0"
    formatly: "npm:^0.3.0"
    get-tsconfig: "npm:4.14.0"
    jiti: "npm:^2.6.0"
    minimist: "npm:^1.2.8"
    oxc-parser: "npm:^0.128.0"
    oxc-resolver: "npm:^11.19.1"
    picomatch: "npm:^4.0.4"
    smol-toml: "npm:^1.6.1"
    strip-json-comments: "npm:5.0.3"
    tinyglobby: "npm:^0.2.16"
    unbash: "npm:^3.0.0"
    yaml: "npm:^2.8.2"
    zod: "npm:^4.1.11"
  bin:
    knip: bin/knip.js
    knip-bun: bin/knip-bun.js
  checksum: 10c0/d4951a6336bfdbdf92bdf3df1d55b4f64fe3f7b7078700d53d9e90b0dd1713d1368b6f6b15ea587233bf8ec6c49af8da8cb9dbf871272f6d5e2ff365e0883824
  languageName: node
  linkType: hard

"minimist@npm:^1.2.8":
  version: 1.2.8
  resolution: "minimist@npm:1.2.8"
  checksum: 10c0/19d3fcdca050087b84c2029841a093691a91259a47def2f18222f41e7645a0b7c44ef4b40e88a1e58a40c84d2ef0ee6047c55594d298146d0eb3f6b737c20ce6
  languageName: node
  linkType: hard

"oxc-parser@npm:^0.128.0":
  version: 0.128.0
  resolution: "oxc-parser@npm:0.128.0"
  dependencies:
    "@oxc-parser/binding-android-arm-eabi": "npm:0.128.0"
    "@oxc-parser/binding-android-arm64": "npm:0.128.0"
    "@oxc-parser/binding-darwin-arm64": "npm:0.128.0"
    "@oxc-parser/binding-darwin-x64": "npm:0.128.0"
    "@oxc-parser/binding-freebsd-x64": "npm:0.128.0"
    "@oxc-parser/binding-linux-arm-gnueabihf": "npm:0.128.0"
    "@oxc-parser/binding-linux-arm-musleabihf": "npm:0.128.0"
    "@oxc-parser/binding-linux-arm64-gnu": "npm:0.128.0"
    "@oxc-parser/binding-linux-arm64-musl": "npm:0.128.0"
    "@oxc-parser/binding-linux-ppc64-gnu": "npm:0.128.0"
    "@oxc-parser/binding-linux-riscv64-gnu": "npm:0.128.0"
    "@oxc-parser/binding-linux-riscv64-musl": "npm:0.128.0"
    "@oxc-parser/binding-linux-s390x-gnu": "npm:0.128.0"
    "@oxc-parser/binding-linux-x64-gnu": "npm:0.128.0"
    "@oxc-parser/binding-linux-x64-musl": "npm:0.128.0"
    "@oxc-parser/binding-openharmony-arm64": "npm:0.128.0"
    "@oxc-parser/binding-wasm32-wasi": "npm:0.128.0"
    "@oxc-parser/binding-win32-arm64-msvc": "npm:0.128.0"
    "@oxc-parser/binding-win32-ia32-msvc": "npm:0.128.0"
    "@oxc-parser/binding-win32-x64-msvc": "npm:0.128.0"
    "@oxc-project/types": "npm:^0.128.0"
  dependenciesMeta:
    "@oxc-parser/binding-android-arm-eabi":
      optional: true
    "@oxc-parser/binding-android-arm64":
      optional: true
    "@oxc-parser/binding-darwin-arm64":
      optional: true
    "@oxc-parser/binding-darwin-x64":
      optional: true
    "@oxc-parser/binding-freebsd-x64":
      optional: true
    "@oxc-parser/binding-linux-arm-gnueabihf":
      optional: true
    "@oxc-parser/binding-linux-arm-musleabihf":
      optional: true
    "@oxc-parser/binding-linux-arm64-gnu":
      optional: true
    "@oxc-parser/binding-linux-arm64-musl":
      optional: true
    "@oxc-parser/binding-linux-ppc64-gnu":
      optional: true
    "@oxc-parser/binding-linux-riscv64-gnu":
      optional: true
    "@oxc-parser/binding-linux-riscv64-musl":
      optional: true
    "@oxc-parser/binding-linux-s390x-gnu":
      optional: true
    "@oxc-parser/binding-linux-x64-gnu":
      optional: true
    "@oxc-parser/binding-linux-x64-musl":
      optional: true
    "@oxc-parser/binding-openharmony-arm64":
      optional: true
    "@oxc-parser/binding-wasm32-wasi":
      optional: true
    "@oxc-parser/binding-win32-arm64-msvc":
      optional: true
    "@oxc-parser/binding-win32-ia32-msvc":
      optional: true
    "@oxc-parser/binding-win32-x64-msvc":
      optional: true
  checksum: 10c0/c750d5d205353efd67276019d50a315cab1fe68f10067a892154e9fa81ba62844760aa8536ae0008580e421e10fb8d2d419455744de862eb0037499b4760c1c9
  languageName: node
  linkType: hard

"oxc-resolver@npm:^11.19.1":
  version: 11.19.1
  resolution: "oxc-resolver@npm:11.19.1"
  dependencies:
    "@oxc-resolver/binding-android-arm-eabi": "npm:11.19.1"
    "@oxc-resolver/binding-android-arm64": "npm:11.19.1"
    "@oxc-resolver/binding-darwin-arm64": "npm:11.19.1"
    "@oxc-resolver/binding-darwin-x64": "npm:11.19.1"
    "@oxc-resolver/binding-freebsd-x64": "npm:11.19.1"
    "@oxc-resolver/binding-linux-arm-gnueabihf": "npm:11.19.1"
    "@oxc-resolver/binding-linux-arm-musleabihf": "npm:11.19.1"
    "@oxc-resolver/binding-linux-arm64-gnu": "npm:11.19.1"
    "@oxc-resolver/binding-linux-arm64-musl": "npm:11.19.1"
    "@oxc-resolver/binding-linux-ppc64-gnu": "npm:11.19.1"
    "@oxc-resolver/binding-linux-riscv64-gnu": "npm:11.19.1"
    "@oxc-resolver/binding-linux-riscv64-musl": "npm:11.19.1"
    "@oxc-resolver/binding-linux-s390x-gnu": "npm:11.19.1"
    "@oxc-resolver/binding-linux-x64-gnu": "npm:11.19.1"
    "@oxc-resolver/binding-linux-x64-musl": "npm:11.19.1"
    "@oxc-resolver/binding-openharmony-arm64": "npm:11.19.1"
    "@oxc-resolver/binding-wasm32-wasi": "npm:11.19.1"
    "@oxc-resolver/binding-win32-arm64-msvc": "npm:11.19.1"
    "@oxc-resolver/binding-win32-ia32-msvc": "npm:11.19.1"
    "@oxc-resolver/binding-win32-x64-msvc": "npm:11.19.1"
  dependenciesMeta:
    "@oxc-resolver/binding-android-arm-eabi":
      optional: true
    "@oxc-resolver/binding-android-arm64":
      optional: true
    "@oxc-resolver/binding-darwin-arm64":
      optional: true
    "@oxc-resolver/binding-darwin-x64":
      optional: true
    "@oxc-resolver/binding-freebsd-x64":
      optional: true
    "@oxc-resolver/binding-linux-arm-gnueabihf":
      optional: true
    "@oxc-resolver/binding-linux-arm-musleabihf":
      optional: true
    "@oxc-resolver/binding-linux-arm64-gnu":
      optional: true
    "@oxc-resolver/binding-linux-arm64-musl":
      optional: true
    "@oxc-resolver/binding-linux-ppc64-gnu":
      optional: true
    "@oxc-resolver/binding-linux-riscv64-gnu":
      optional: true
    "@oxc-resolver/binding-linux-riscv64-musl":
      optional: true
    "@oxc-resolver/binding-linux-s390x-gnu":
      optional: true
    "@oxc-resolver/binding-linux-x64-gnu":
      optional: true
    "@oxc-resolver/binding-linux-x64-musl":
      optional: true
    "@oxc-resolver/binding-openharmony-arm64":
      optional: true
    "@oxc-resolver/binding-wasm32-wasi":
      optional: true
    "@oxc-resolver/binding-win32-arm64-msvc":
      optional: true
    "@oxc-resolver/binding-win32-ia32-msvc":
      optional: true
    "@oxc-resolver/binding-win32-x64-msvc":
      optional: true
  checksum: 10c0/8ac4eaffa9c0bcbb9f4f4a2b43786457ec5a68684d8776cb78b5a15ce3d1a79d3e67262aa3c635f98a0c1cd6cd56a31fcb05bffb9a286100056e4ab06b928833
  languageName: node
  linkType: hard

"picomatch@npm:^4.0.4":
  version: 4.0.4
  resolution: "picomatch@npm:4.0.4"
  checksum: 10c0/e2c6023372cc7b5764719a5ffb9da0f8e781212fa7ca4bd0562db929df8e117460f00dff3cb7509dacfc06b86de924b247f504d0ce1806a37fac4633081466b0
  languageName: node
  linkType: hard

"playground-knip-peers-of-subdependency-bug@workspace:.":
  version: 0.0.0-use.local
  resolution: "playground-knip-peers-of-subdependency-bug@workspace:."
  dependencies:
    apollo-link-error: "npm:^1.1.13"
    graphql: "npm:^15.0.0"
    knip: "npm:6.11.0"
    typescript: "npm:^5.6.0"
  languageName: unknown
  linkType: soft

"resolve-pkg-maps@npm:^1.0.0":
  version: 1.0.0
  resolution: "resolve-pkg-maps@npm:1.0.0"
  checksum: 10c0/fb8f7bbe2ca281a73b7ef423a1cbc786fb244bd7a95cbe5c3fba25b27d327150beca8ba02f622baea65919a57e061eb5005204daa5f93ed590d9b77463a567ab
  languageName: node
  linkType: hard

"smol-toml@npm:^1.6.1":
  version: 1.6.1
  resolution: "smol-toml@npm:1.6.1"
  checksum: 10c0/511a78722f99c7616fdb46af708de3d7e81434b5a3d58061166da73f28bfc6cae4f0cd04683f60515b9c490cd10152fce72287c960b337419c0299cc1f0f2a22
  languageName: node
  linkType: hard

"strip-json-comments@npm:5.0.3":
  version: 5.0.3
  resolution: "strip-json-comments@npm:5.0.3"
  checksum: 10c0/daaf20b29f69fb51112698f4a9a662490dbb78d5baf6127c75a0a83c2ac6c078a8c0f74b389ad5e0519d6fc359c4a57cb9971b1ae201aef62ce45a13247791e0
  languageName: node
  linkType: hard

"tinyglobby@npm:^0.2.16":
  version: 0.2.16
  resolution: "tinyglobby@npm:0.2.16"
  dependencies:
    fdir: "npm:^6.5.0"
    picomatch: "npm:^4.0.4"
  checksum: 10c0/f2e09fd93dd95c41e522113b686ff6f7c13020962f8698a864a257f3d7737599afc47722b7ab726e12f8a813f779906187911ff8ee6701ede65072671a7e934b
  languageName: node
  linkType: hard

"ts-invariant@npm:^0.4.0":
  version: 0.4.4
  resolution: "ts-invariant@npm:0.4.4"
  dependencies:
    tslib: "npm:^1.9.3"
  checksum: 10c0/73783533764fb453bd71ceeaed238e7b4ccc0e2b12a631bf779d357b2520c71bace2be98a3ef2e96848d44a6d2202e1cad1e6cac74d5a09c3abac58f9225bf8f
  languageName: node
  linkType: hard

"tslib@npm:^1.10.0, tslib@npm:^1.9.3":
  version: 1.14.1
  resolution: "tslib@npm:1.14.1"
  checksum: 10c0/69ae09c49eea644bc5ebe1bca4fa4cc2c82b7b3e02f43b84bd891504edf66dbc6b2ec0eef31a957042de2269139e4acff911e6d186a258fb14069cd7f6febce2
  languageName: node
  linkType: hard

"tslib@npm:^2.4.0":
  version: 2.8.1
  resolution: "tslib@npm:2.8.1"
  checksum: 10c0/9c4759110a19c53f992d9aae23aac5ced636e99887b51b9e61def52611732872ff7668757d4e4c61f19691e36f4da981cd9485e869b4a7408d689f6bf1f14e62
  languageName: node
  linkType: hard

"typescript@npm:^5.6.0":
  version: 5.9.3
  resolution: "typescript@npm:5.9.3"
  bin:
    tsc: bin/tsc
    tsserver: bin/tsserver
  checksum: 10c0/6bd7552ce39f97e711db5aa048f6f9995b53f1c52f7d8667c1abdc1700c68a76a308f579cd309ce6b53646deb4e9a1be7c813a93baaf0a28ccd536a30270e1c5
  languageName: node
  linkType: hard

"typescript@patch:typescript@npm%3A^5.6.0#optional!builtin<compat/typescript>":
  version: 5.9.3
  resolution: "typescript@patch:typescript@npm%3A5.9.3#optional!builtin<compat/typescript>::version=5.9.3&hash=5786d5"
  bin:
    tsc: bin/tsc
    tsserver: bin/tsserver
  checksum: 10c0/ad09fdf7a756814dce65bc60c1657b40d44451346858eea230e10f2e95a289d9183b6e32e5c11e95acc0ccc214b4f36289dcad4bf1886b0adb84d711d336a430
  languageName: node
  linkType: hard

"unbash@npm:^3.0.0":
  version: 3.0.0
  resolution: "unbash@npm:3.0.0"
  checksum: 10c0/8d237237805c8d23a6a7ba9ba1dac612b79431f2458aaa7975c472eba9f429991e46417fd8cdb14c1ad88adffbc0b914d0556ad5978bc42bbd2fa9b0942a4f91
  languageName: node
  linkType: hard

"walk-up-path@npm:^4.0.0":
  version: 4.0.0
  resolution: "walk-up-path@npm:4.0.0"
  checksum: 10c0/fabe344f91387d1d41df230af962ef18bf703dd4178006d55cd6412caacd187b54440002d4d53a982d4f7f0455567dcffb6d3884533c8b2268928eca3ebd8a19
  languageName: node
  linkType: hard

"yaml@npm:^2.8.2":
  version: 2.8.4
  resolution: "yaml@npm:2.8.4"
  bin:
    yaml: bin.mjs
  checksum: 10c0/0a33a1fa28d4bc79f61a12ec7ef7a2bce0ce5f8e80c6eaecfb4a0c88c08767dd1ede372b6a3bcd70891213b8c9f3169b355c97e77026d3b3459e10d2cccaef1e
  languageName: node
  linkType: hard

"zen-observable-ts@npm:^0.8.21":
  version: 0.8.21
  resolution: "zen-observable-ts@npm:0.8.21"
  dependencies:
    tslib: "npm:^1.9.3"
    zen-observable: "npm:^0.8.0"
  checksum: 10c0/fe4a02f862b5f7e8ae0f86230c37b84c7d5611f5c206981afb4043e732d04cf7067a6cbe1ba82d20f18b735a3387937195a12542158a631d308ae3959a1d93c4
  languageName: node
  linkType: hard

"zen-observable@npm:^0.8.0":
  version: 0.8.15
  resolution: "zen-observable@npm:0.8.15"
  checksum: 10c0/71cc2f2bbb537300c3f569e25693d37b3bc91f225cefce251a71c30bc6bb3e7f8e9420ca0eb57f2ac9e492b085b8dfa075fd1e8195c40b83c951dd59c6e4fbf8
  languageName: node
  linkType: hard

"zod@npm:^4.1.11":
  version: 4.4.3
  resolution: "zod@npm:4.4.3"
  checksum: 10c0/7ea31b558e88f9faf44f31dd185e2e1cbf51fed3081787fb96cc2534749b50c0acfc6da7f0922a7353ed092dd358c7d50c28ea96c94d04af64191bd33152eca3
  languageName: node
  linkType: hard
